
Microsoft Visual Studio Solution File, Format Version 12.00
# Visual Studio 2015
Project("{FAE04EC0-301F-11D3-BF4B-00C04F79EFBC}") = "MetroChaser.Plugins", "MetroChaser.Plugins.csproj", "{97AFA406-665D-9931-C9A1-FFF2645A4AFD}"
EndProject
Project("{FAE04EC0-301F-11D3-BF4B-00C04F79EFBC}") = "MetroChaser", "MetroChaser.csproj", "{49F8A0CC-F1A7-0EAF-A3F4-2A54AA8CC9E3}"
EndProject
Project("{FAE04EC0-301F-11D3-BF4B-00C04F79EFBC}") = "MetroChaser.Editor", "MetroChaser.Editor.csproj", "{EBD55925-9782-5BAD-447E-76355B4DDD6F}"
EndProject
Global
	GlobalSection(SolutionConfigurationPlatforms) = preSolution
		Debug|Any CPU = Debug|Any CPU
		Release|Any CPU = Release|Any CPU
	EndGlobalSection
	GlobalSection(ProjectConfigurationPlatforms) = postSolution
		{97AFA406-665D-9931-C9A1-FFF2645A4AFD}.Debug|Any CPU.ActiveCfg = Debug|Any CPU
		{97AFA406-665D-9931-C9A1-FFF2645A4AFD}.Debug|Any CPU.Build.0 = Debug|Any CPU
		{97AFA406-665D-9931-C9A1-FFF2645A4AFD}.Release|Any CPU.ActiveCfg = Release|Any CPU
		{97AFA406-665D-9931-C9A1-FFF2645A4AFD}.Release|Any CPU.Build.0 = Release|Any CPU
		{49F8A0CC-F1A7-0EAF-A3F4-2A54AA8CC9E3}.Debug|Any CPU.ActiveCfg = Debug|Any CPU
		{49F8A0CC-F1A7-0EAF-A3F4-2A54AA8CC9E3}.Debug|Any CPU.Build.0 = Debug|Any CPU
		{49F8A0CC-F1A7-0EAF-A3F4-2A54AA8CC9E3}.Release|Any CPU.ActiveCfg = Release|Any CPU
		{49F8A0CC-F1A7-0EAF-A3F4-2A54AA8CC9E3}.Release|Any CPU.Build.0 = Release|Any CPU
		{EBD55925-9782-5BAD-447E-76355B4DDD6F}.Debug|Any CPU.ActiveCfg = Debug|Any CPU
		{EBD55925-9782-5BAD-447E-76355B4DDD6F}.Debug|Any CPU.Build.0 = Debug|Any CPU
		{EBD55925-9782-5BAD-447E-76355B4DDD6F}.Release|Any CPU.ActiveCfg = Release|Any CPU
		{EBD55925-9782-5BAD-447E-76355B4DDD6F}.Release|Any CPU.Build.0 = Release|Any CPU
	EndGlobalSection
	GlobalSection(SolutionProperties) = preSolution
		HideSolutionNode = FALSE
	EndGlobalSection
EndGlobal
